// !$*UTF8*$!
{
	archiveVersion = 1;
	classes = {
	};
	objectVersion = 50;
	objects = {

/* Begin PBXBuildFile section */
		0142E702457CB46F69335F01 /* Pods_festyUITests.framework in Frameworks */ = {isa = PBXBuildFile; fileRef = 0CCC6346DE52D0EBACA94A09 /* Pods_festyUITests.framework */; };
		11C2DA21A1F62850F84BCE9F /* Pods_festy_WatchKit_App.framework in Frameworks */ = {isa = PBXBuildFile; fileRef = CE3273DE425CE993F5605A3D /* Pods_festy_WatchKit_App.framework */; };
		14A857C7CBC3CD24CF1F11BC /* Pods_festy_WatchKit_Extension.framework in Frameworks */ = {isa = PBXBuildFile; fileRef = 3159380F48FA027BF46EFBF0 /* Pods_festy_WatchKit_Extension.framework */; };
		52367B31221E3EA7009B722A /* Apollo.framework in Frameworks */ = {isa = PBXBuildFile; fileRef = 52367B30221E3EA7009B722A /* Apollo.framework */; };
		5253882321F7BECA009FBEEF /* AppDelegate.swift in Sources */ = {isa = PBXBuildFile; fileRef = 5253882221F7BECA009FBEEF /* AppDelegate.swift */; };
		5253882521F7BECA009FBEEF /* ViewController.swift in Sources */ = {isa = PBXBuildFile; fileRef = 5253882421F7BECA009FBEEF /* ViewController.swift */; };
		5253882821F7BECA009FBEEF /* Main.storyboard in Resources */ = {isa = PBXBuildFile; fileRef = 5253882621F7BECA009FBEEF /* Main.storyboard */; };
		5253882A21F7BECC009FBEEF /* Assets.xcassets in Resources */ = {isa = PBXBuildFile; fileRef = 5253882921F7BECC009FBEEF /* Assets.xcassets */; };
		5253882D21F7BECC009FBEEF /* LaunchScreen.storyboard in Resources */ = {isa = PBXBuildFile; fileRef = 5253882B21F7BECC009FBEEF /* LaunchScreen.storyboard */; };
		5253883821F7BECC009FBEEF /* festyTests.swift in Sources */ = {isa = PBXBuildFile; fileRef = 5253883721F7BECC009FBEEF /* festyTests.swift */; };
		5253884321F7BECC009FBEEF /* festyUITests.swift in Sources */ = {isa = PBXBuildFile; fileRef = 5253884221F7BECC009FBEEF /* festyUITests.swift */; };
		5253884821F7BECC009FBEEF /* festy WatchKit App.app in Embed Watch Content */ = {isa = PBXBuildFile; fileRef = 5253884721F7BECC009FBEEF /* festy WatchKit App.app */; };
		5253884E21F7BECC009FBEEF /* Interface.storyboard in Resources */ = {isa = PBXBuildFile; fileRef = 5253884C21F7BECC009FBEEF /* Interface.storyboard */; };
		5253885021F7BECD009FBEEF /* Assets.xcassets in Resources */ = {isa = PBXBuildFile; fileRef = 5253884F21F7BECD009FBEEF /* Assets.xcassets */; };
		5253885721F7BECD009FBEEF /* festy WatchKit Extension.appex in Embed App Extensions */ = {isa = PBXBuildFile; fileRef = 5253885621F7BECD009FBEEF /* festy WatchKit Extension.appex */; settings = {ATTRIBUTES = (RemoveHeadersOnCopy, ); }; };
		5253885C21F7BECD009FBEEF /* InterfaceController.swift in Sources */ = {isa = PBXBuildFile; fileRef = 5253885B21F7BECD009FBEEF /* InterfaceController.swift */; };
		5253885E21F7BECD009FBEEF /* ExtensionDelegate.swift in Sources */ = {isa = PBXBuildFile; fileRef = 5253885D21F7BECD009FBEEF /* ExtensionDelegate.swift */; };
		5253886021F7BECD009FBEEF /* NotificationController.swift in Sources */ = {isa = PBXBuildFile; fileRef = 5253885F21F7BECD009FBEEF /* NotificationController.swift */; };
		5253886221F7BECD009FBEEF /* Assets.xcassets in Resources */ = {isa = PBXBuildFile; fileRef = 5253886121F7BECD009FBEEF /* Assets.xcassets */; };
		52AFD03C221E0E2B0041A623 /* README.md in Resources */ = {isa = PBXBuildFile; fileRef = 52AFD03B221E0E2B0041A623 /* README.md */; };
		52AFD03E221E0F300041A623 /* config.swift in Sources */ = {isa = PBXBuildFile; fileRef = 52AFD03D221E0F300041A623 /* config.swift */; };
		52E883D2221DADE400A559F6 /* schema.json in Resources */ = {isa = PBXBuildFile; fileRef = 52E883D0221DADE400A559F6 /* schema.json */; };
		52E883D5221DAE5200A559F6 /* API.swift in Sources */ = {isa = PBXBuildFile; fileRef = 52E883D4221DAE5200A559F6 /* API.swift */; };
		52E883D7221DB2C700A559F6 /* queries.graphql in Resources */ = {isa = PBXBuildFile; fileRef = 52E883D6221DB2C700A559F6 /* queries.graphql */; };
		A741F6E0A927DB07D1F84503 /* Pods_festy.framework in Frameworks */ = {isa = PBXBuildFile; fileRef = 764EFF3D8D39439AD283B042 /* Pods_festy.framework */; };
		E4BB31090B63AD978F1F5BC8 /* Pods_festyTests.framework in Frameworks */ = {isa = PBXBuildFile; fileRef = 052283B588031FF973022DCE /* Pods_festyTests.framework */; };
/* End PBXBuildFile section */

/* Begin PBXContainerItemProxy section */
		5253883421F7BECC009FBEEF /* PBXContainerItemProxy */ = {
			isa = PBXContainerItemProxy;
			containerPortal = 5253881721F7BECA009FBEEF /* Project object */;
			proxyType = 1;
			remoteGlobalIDString = 5253881E21F7BECA009FBEEF;
			remoteInfo = festy;
		};
		5253883F21F7BECC009FBEEF /* PBXContainerItemProxy */ = {
			isa = PBXContainerItemProxy;
			containerPortal = 5253881721F7BECA009FBEEF /* Project object */;
			proxyType = 1;
			remoteGlobalIDString = 5253881E21F7BECA009FBEEF;
			remoteInfo = festy;
		};
		5253884921F7BECC009FBEEF /* PBXContainerItemProxy */ = {
			isa = PBXContainerItemProxy;
			containerPortal = 5253881721F7BECA009FBEEF /* Project object */;
			proxyType = 1;
			remoteGlobalIDString = 5253884621F7BECC009FBEEF;
			remoteInfo = "festy WatchKit App";
		};
		5253885821F7BECD009FBEEF /* PBXContainerItemProxy */ = {
			isa = PBXContainerItemProxy;
			containerPortal = 5253881721F7BECA009FBEEF /* Project object */;
			proxyType = 1;
			remoteGlobalIDString = 5253885521F7BECD009FBEEF;
			remoteInfo = "festy WatchKit Extension";
		};
/* End PBXContainerItemProxy section */

/* Begin PBXCopyFilesBuildPhase section */
		5253886A21F7BECD009FBEEF /* Embed App Extensions */ = {
			isa = PBXCopyFilesBuildPhase;
			buildActionMask = 2147483647;
			dstPath = "";
			dstSubfolderSpec = 13;
			files = (
				5253885721F7BECD009FBEEF /* festy WatchKit Extension.appex in Embed App Extensions */,
			);
			name = "Embed App Extensions";
			runOnlyForDeploymentPostprocessing = 0;
		};
		5253886E21F7BECD009FBEEF /* Embed Watch Content */ = {
			isa = PBXCopyFilesBuildPhase;
			buildActionMask = 2147483647;
			dstPath = "$(CONTENTS_FOLDER_PATH)/Watch";
			dstSubfolderSpec = 16;
			files = (
				5253884821F7BECC009FBEEF /* festy WatchKit App.app in Embed Watch Content */,
			);
			name = "Embed Watch Content";
			runOnlyForDeploymentPostprocessing = 0;
		};
/* End PBXCopyFilesBuildPhase section */

/* Begin PBXFileReference section */
		052283B588031FF973022DCE /* Pods_festyTests.framework */ = {isa = PBXFileReference; explicitFileType = wrapper.framework; includeInIndex = 0; path = Pods_festyTests.framework; sourceTree = BUILT_PRODUCTS_DIR; };
		0CCC6346DE52D0EBACA94A09 /* Pods_festyUITests.framework */ = {isa = PBXFileReference; explicitFileType = wrapper.framework; includeInIndex = 0; path = Pods_festyUITests.framework; sourceTree = BUILT_PRODUCTS_DIR; };
		3159380F48FA027BF46EFBF0 /* Pods_festy_WatchKit_Extension.framework */ = {isa = PBXFileReference; explicitFileType = wrapper.framework; includeInIndex = 0; path = Pods_festy_WatchKit_Extension.framework; sourceTree = BUILT_PRODUCTS_DIR; };
		3846437922F7FF9FB7D0F3AF /* Pods-festyTests.release.xcconfig */ = {isa = PBXFileReference; includeInIndex = 1; lastKnownFileType = text.xcconfig; name = "Pods-festyTests.release.xcconfig"; path = "Pods/Target Support Files/Pods-festyTests/Pods-festyTests.release.xcconfig"; sourceTree = "<group>"; };
		52367B30221E3EA7009B722A /* Apollo.framework */ = {isa = PBXFileReference; explicitFileType = wrapper.framework; path = Apollo.framework; sourceTree = BUILT_PRODUCTS_DIR; };
		5253881F21F7BECA009FBEEF /* festy.app */ = {isa = PBXFileReference; explicitFileType = wrapper.application; includeInIndex = 0; path = festy.app; sourceTree = BUILT_PRODUCTS_DIR; };
		5253882221F7BECA009FBEEF /* AppDelegate.swift */ = {isa = PBXFileReference; lastKnownFileType = sourcecode.swift; path = AppDelegate.swift; sourceTree = "<group>"; };
		5253882421F7BECA009FBEEF /* ViewController.swift */ = {isa = PBXFileReference; lastKnownFileType = sourcecode.swift; path = ViewController.swift; sourceTree = "<group>"; };
		5253882721F7BECA009FBEEF /* Base */ = {isa = PBXFileReference; lastKnownFileType = file.storyboard; name = Base; path = Base.lproj/Main.storyboard; sourceTree = "<group>"; };
		5253882921F7BECC009FBEEF /* Assets.xcassets */ = {isa = PBXFileReference; lastKnownFileType = folder.assetcatalog; path = Assets.xcassets; sourceTree = "<group>"; };
		5253882C21F7BECC009FBEEF /* Base */ = {isa = PBXFileReference; lastKnownFileType = file.storyboard; name = Base; path = Base.lproj/LaunchScreen.storyboard; sourceTree = "<group>"; };
		5253882E21F7BECC009FBEEF /* Info.plist */ = {isa = PBXFileReference; lastKnownFileType = text.plist.xml; path = Info.plist; sourceTree = "<group>"; };
		5253883321F7BECC009FBEEF /* festyTests.xctest */ = {isa = PBXFileReference; explicitFileType = wrapper.cfbundle; includeInIndex = 0; path = festyTests.xctest; sourceTree = BUILT_PRODUCTS_DIR; };
		5253883721F7BECC009FBEEF /* festyTests.swift */ = {isa = PBXFileReference; lastKnownFileType = sourcecode.swift; path = festyTests.swift; sourceTree = "<group>"; };
		5253883921F7BECC009FBEEF /* Info.plist */ = {isa = PBXFileReference; lastKnownFileType = text.plist.xml; path = Info.plist; sourceTree = "<group>"; };
		5253883E21F7BECC009FBEEF /* festyUITests.xctest */ = {isa = PBXFileReference; explicitFileType = wrapper.cfbundle; includeInIndex = 0; path = festyUITests.xctest; sourceTree = BUILT_PRODUCTS_DIR; };
		5253884221F7BECC009FBEEF /* festyUITests.swift */ = {isa = PBXFileReference; lastKnownFileType = sourcecode.swift; path = festyUITests.swift; sourceTree = "<group>"; };
		5253884421F7BECC009FBEEF /* Info.plist */ = {isa = PBXFileReference; lastKnownFileType = text.plist.xml; path = Info.plist; sourceTree = "<group>"; };
		5253884721F7BECC009FBEEF /* festy WatchKit App.app */ = {isa = PBXFileReference; explicitFileType = wrapper.application; includeInIndex = 0; path = "festy WatchKit App.app"; sourceTree = BUILT_PRODUCTS_DIR; };
		5253884D21F7BECC009FBEEF /* Base */ = {isa = PBXFileReference; lastKnownFileType = file.storyboard; name = Base; path = Base.lproj/Interface.storyboard; sourceTree = "<group>"; };
		5253884F21F7BECD009FBEEF /* Assets.xcassets */ = {isa = PBXFileReference; lastKnownFileType = folder.assetcatalog; path = Assets.xcassets; sourceTree = "<group>"; };
		5253885121F7BECD009FBEEF /* Info.plist */ = {isa = PBXFileReference; lastKnownFileType = text.plist.xml; path = Info.plist; sourceTree = "<group>"; };
		5253885621F7BECD009FBEEF /* festy WatchKit Extension.appex */ = {isa = PBXFileReference; explicitFileType = "wrapper.app-extension"; includeInIndex = 0; path = "festy WatchKit Extension.appex"; sourceTree = BUILT_PRODUCTS_DIR; };
		5253885B21F7BECD009FBEEF /* InterfaceController.swift */ = {isa = PBXFileReference; lastKnownFileType = sourcecode.swift; path = InterfaceController.swift; sourceTree = "<group>"; };
		5253885D21F7BECD009FBEEF /* ExtensionDelegate.swift */ = {isa = PBXFileReference; lastKnownFileType = sourcecode.swift; path = ExtensionDelegate.swift; sourceTree = "<group>"; };
		5253885F21F7BECD009FBEEF /* NotificationController.swift */ = {isa = PBXFileReference; lastKnownFileType = sourcecode.swift; path = NotificationController.swift; sourceTree = "<group>"; };
		5253886121F7BECD009FBEEF /* Assets.xcassets */ = {isa = PBXFileReference; lastKnownFileType = folder.assetcatalog; path = Assets.xcassets; sourceTree = "<group>"; };
		5253886321F7BECD009FBEEF /* Info.plist */ = {isa = PBXFileReference; lastKnownFileType = text.plist.xml; path = Info.plist; sourceTree = "<group>"; };
		5253886421F7BECD009FBEEF /* PushNotificationPayload.apns */ = {isa = PBXFileReference; lastKnownFileType = text; path = PushNotificationPayload.apns; sourceTree = "<group>"; };
		52AFD03B221E0E2B0041A623 /* README.md */ = {isa = PBXFileReference; fileEncoding = 4; lastKnownFileType = net.daringfireball.markdown; path = README.md; sourceTree = SOURCE_ROOT; };
		52AFD03D221E0F300041A623 /* config.swift */ = {isa = PBXFileReference; lastKnownFileType = sourcecode.swift; path = config.swift; sourceTree = "<group>"; };
		52CDF4CB01169D0E227B3E37 /* Pods-festy WatchKit App.debug.xcconfig */ = {isa = PBXFileReference; includeInIndex = 1; lastKnownFileType = text.xcconfig; name = "Pods-festy WatchKit App.debug.xcconfig"; path = "Pods/Target Support Files/Pods-festy WatchKit App/Pods-festy WatchKit App.debug.xcconfig"; sourceTree = "<group>"; };
		52E883D0221DADE400A559F6 /* schema.json */ = {isa = PBXFileReference; fileEncoding = 4; lastKnownFileType = text.json; path = schema.json; sourceTree = SOURCE_ROOT; };
		52E883D4221DAE5200A559F6 /* API.swift */ = {isa = PBXFileReference; fileEncoding = 4; lastKnownFileType = sourcecode.swift; path = API.swift; sourceTree = SOURCE_ROOT; };
		52E883D6221DB2C700A559F6 /* queries.graphql */ = {isa = PBXFileReference; fileEncoding = 4; lastKnownFileType = text; path = queries.graphql; sourceTree = SOURCE_ROOT; };
		53FAFDBCFCA7615934D7B67B /* Pods-festyUITests.debug.xcconfig */ = {isa = PBXFileReference; includeInIndex = 1; lastKnownFileType = text.xcconfig; name = "Pods-festyUITests.debug.xcconfig"; path = "Pods/Target Support Files/Pods-festyUITests/Pods-festyUITests.debug.xcconfig"; sourceTree = "<group>"; };
		57D667AD2A63152B124CAEE6 /* Pods-festy WatchKit App.release.xcconfig */ = {isa = PBXFileReference; includeInIndex = 1; lastKnownFileType = text.xcconfig; name = "Pods-festy WatchKit App.release.xcconfig"; path = "Pods/Target Support Files/Pods-festy WatchKit App/Pods-festy WatchKit App.release.xcconfig"; sourceTree = "<group>"; };
		6788AD337833A5198E84A537 /* Pods-festyTests.debug.xcconfig */ = {isa = PBXFileReference; includeInIndex = 1; lastKnownFileType = text.xcconfig; name = "Pods-festyTests.debug.xcconfig"; path = "Pods/Target Support Files/Pods-festyTests/Pods-festyTests.debug.xcconfig"; sourceTree = "<group>"; };
		73971D5EB635FFBC5429BD8E /* Pods-festy WatchKit Extension.debug.xcconfig */ = {isa = PBXFileReference; includeInIndex = 1; lastKnownFileType = text.xcconfig; name = "Pods-festy WatchKit Extension.debug.xcconfig"; path = "Pods/Target Support Files/Pods-festy WatchKit Extension/Pods-festy WatchKit Extension.debug.xcconfig"; sourceTree = "<group>"; };
		764EFF3D8D39439AD283B042 /* Pods_festy.framework */ = {isa = PBXFileReference; explicitFileType = wrapper.framework; includeInIndex = 0; path = Pods_festy.framework; sourceTree = BUILT_PRODUCTS_DIR; };
		7D0ADD5F72E150896D0C7140 /* Pods-festy.release.xcconfig */ = {isa = PBXFileReference; includeInIndex = 1; lastKnownFileType = text.xcconfig; name = "Pods-festy.release.xcconfig"; path = "Pods/Target Support Files/Pods-festy/Pods-festy.release.xcconfig"; sourceTree = "<group>"; };
		AA69DFC39940829C8D9A2140 /* Pods-festy WatchKit Extension.release.xcconfig */ = {isa = PBXFileReference; includeInIndex = 1; lastKnownFileType = text.xcconfig; name = "Pods-festy WatchKit Extension.release.xcconfig"; path = "Pods/Target Support Files/Pods-festy WatchKit Extension/Pods-festy WatchKit Extension.release.xcconfig"; sourceTree = "<group>"; };
		CE3273DE425CE993F5605A3D /* Pods_festy_WatchKit_App.framework */ = {isa = PBXFileReference; explicitFileType = wrapper.framework; includeInIndex = 0; path = Pods_festy_WatchKit_App.framework; sourceTree = BUILT_PRODUCTS_DIR; };
		E26799085F413B3E4A487871 /* Pods-festy.debug.xcconfig */ = {isa = PBXFileReference; includeInIndex = 1; lastKnownFileType = text.xcconfig; name = "Pods-festy.debug.xcconfig"; path = "Pods/Target Support Files/Pods-festy/Pods-festy.debug.xcconfig"; sourceTree = "<group>"; };
		E4EDA5AD75633107C35DD908 /* Pods-festyUITests.release.xcconfig */ = {isa = PBXFileReference; includeInIndex = 1; lastKnownFileType = text.xcconfig; name = "Pods-festyUITests.release.xcconfig"; path = "Pods/Target Support Files/Pods-festyUITests/Pods-festyUITests.release.xcconfig"; sourceTree = "<group>"; };
/* End PBXFileReference section */

/* Begin PBXFrameworksBuildPhase section */
		2EF014CC774AB08B6AE9731F /* Frameworks */ = {
			isa = PBXFrameworksBuildPhase;
			buildActionMask = 2147483647;
			files = (
				11C2DA21A1F62850F84BCE9F /* Pods_festy_WatchKit_App.framework in Frameworks */,
			);
			runOnlyForDeploymentPostprocessing = 0;
		};
		5253881C21F7BECA009FBEEF /* Frameworks */ = {
			isa = PBXFrameworksBuildPhase;
			buildActionMask = 2147483647;
			files = (
				A741F6E0A927DB07D1F84503 /* Pods_festy.framework in Frameworks */,
			);
			runOnlyForDeploymentPostprocessing = 0;
		};
		5253883021F7BECC009FBEEF /* Frameworks */ = {
			isa = PBXFrameworksBuildPhase;
			buildActionMask = 2147483647;
			files = (
				E4BB31090B63AD978F1F5BC8 /* Pods_festyTests.framework in Frameworks */,
			);
			runOnlyForDeploymentPostprocessing = 0;
		};
		5253883B21F7BECC009FBEEF /* Frameworks */ = {
			isa = PBXFrameworksBuildPhase;
			buildActionMask = 2147483647;
			files = (
				0142E702457CB46F69335F01 /* Pods_festyUITests.framework in Frameworks */,
			);
			runOnlyForDeploymentPostprocessing = 0;
		};
		5253885321F7BECD009FBEEF /* Frameworks */ = {
			isa = PBXFrameworksBuildPhase;
			buildActionMask = 2147483647;
			files = (
				52367B31221E3EA7009B722A /* Apollo.framework in Frameworks */,
				14A857C7CBC3CD24CF1F11BC /* Pods_festy_WatchKit_Extension.framework in Frameworks */,
			);
			runOnlyForDeploymentPostprocessing = 0;
		};
/* End PBXFrameworksBuildPhase section */

/* Begin PBXGroup section */
		0CB14CE361CEF34841EAEEDB /* Pods */ = {
			isa = PBXGroup;
			children = (
				E26799085F413B3E4A487871 /* Pods-festy.debug.xcconfig */,
				7D0ADD5F72E150896D0C7140 /* Pods-festy.release.xcconfig */,
				52CDF4CB01169D0E227B3E37 /* Pods-festy WatchKit App.debug.xcconfig */,
				57D667AD2A63152B124CAEE6 /* Pods-festy WatchKit App.release.xcconfig */,
				73971D5EB635FFBC5429BD8E /* Pods-festy WatchKit Extension.debug.xcconfig */,
				AA69DFC39940829C8D9A2140 /* Pods-festy WatchKit Extension.release.xcconfig */,
				6788AD337833A5198E84A537 /* Pods-festyTests.debug.xcconfig */,
				3846437922F7FF9FB7D0F3AF /* Pods-festyTests.release.xcconfig */,
				53FAFDBCFCA7615934D7B67B /* Pods-festyUITests.debug.xcconfig */,
				E4EDA5AD75633107C35DD908 /* Pods-festyUITests.release.xcconfig */,
			);
			name = Pods;
			sourceTree = "<group>";
		};
		5253881621F7BECA009FBEEF = {
			isa = PBXGroup;
			children = (
				5253882121F7BECA009FBEEF /* festy */,
				5253883621F7BECC009FBEEF /* festyTests */,
				5253884121F7BECC009FBEEF /* festyUITests */,
				5253884B21F7BECC009FBEEF /* festy WatchKit App */,
				5253885A21F7BECD009FBEEF /* festy WatchKit Extension */,
				5253882021F7BECA009FBEEF /* Products */,
				0CB14CE361CEF34841EAEEDB /* Pods */,
				56944DDF218F0C2D798C4FFF /* Frameworks */,
			);
			sourceTree = "<group>";
		};
		5253882021F7BECA009FBEEF /* Products */ = {
			isa = PBXGroup;
			children = (
				5253881F21F7BECA009FBEEF /* festy.app */,
				5253883321F7BECC009FBEEF /* festyTests.xctest */,
				5253883E21F7BECC009FBEEF /* festyUITests.xctest */,
				5253884721F7BECC009FBEEF /* festy WatchKit App.app */,
				5253885621F7BECD009FBEEF /* festy WatchKit Extension.appex */,
			);
			name = Products;
			sourceTree = "<group>";
		};
		5253882121F7BECA009FBEEF /* festy */ = {
			isa = PBXGroup;
			children = (
				52AFD03B221E0E2B0041A623 /* README.md */,
				52E883D6221DB2C700A559F6 /* queries.graphql */,
				52E883D4221DAE5200A559F6 /* API.swift */,
				52E883D0221DADE400A559F6 /* schema.json */,
				5253882221F7BECA009FBEEF /* AppDelegate.swift */,
				5253882421F7BECA009FBEEF /* ViewController.swift */,
				52AFD03D221E0F300041A623 /* config.swift */,
				5253882621F7BECA009FBEEF /* Main.storyboard */,
				5253882921F7BECC009FBEEF /* Assets.xcassets */,
				5253882B21F7BECC009FBEEF /* LaunchScreen.storyboard */,
				5253882E21F7BECC009FBEEF /* Info.plist */,
			);
			path = festy;
			sourceTree = "<group>";
		};
		5253883621F7BECC009FBEEF /* festyTests */ = {
			isa = PBXGroup;
			children = (
				5253883721F7BECC009FBEEF /* festyTests.swift */,
				5253883921F7BECC009FBEEF /* Info.plist */,
			);
			path = festyTests;
			sourceTree = "<group>";
		};
		5253884121F7BECC009FBEEF /* festyUITests */ = {
			isa = PBXGroup;
			children = (
				5253884221F7BECC009FBEEF /* festyUITests.swift */,
				5253884421F7BECC009FBEEF /* Info.plist */,
			);
			path = festyUITests;
			sourceTree = "<group>";
		};
		5253884B21F7BECC009FBEEF /* festy WatchKit App */ = {
			isa = PBXGroup;
			children = (
				5253884C21F7BECC009FBEEF /* Interface.storyboard */,
				5253884F21F7BECD009FBEEF /* Assets.xcassets */,
				5253885121F7BECD009FBEEF /* Info.plist */,
			);
			path = "festy WatchKit App";
			sourceTree = "<group>";
		};
		5253885A21F7BECD009FBEEF /* festy WatchKit Extension */ = {
			isa = PBXGroup;
			children = (
				5253885B21F7BECD009FBEEF /* InterfaceController.swift */,
				5253885D21F7BECD009FBEEF /* ExtensionDelegate.swift */,
				5253885F21F7BECD009FBEEF /* NotificationController.swift */,
				5253886121F7BECD009FBEEF /* Assets.xcassets */,
				5253886321F7BECD009FBEEF /* Info.plist */,
				5253886421F7BECD009FBEEF /* PushNotificationPayload.apns */,
			);
			path = "festy WatchKit Extension";
			sourceTree = "<group>";
		};
		56944DDF218F0C2D798C4FFF /* Frameworks */ = {
			isa = PBXGroup;
			children = (
				52367B30221E3EA7009B722A /* Apollo.framework */,
				764EFF3D8D39439AD283B042 /* Pods_festy.framework */,
				CE3273DE425CE993F5605A3D /* Pods_festy_WatchKit_App.framework */,
				3159380F48FA027BF46EFBF0 /* Pods_festy_WatchKit_Extension.framework */,
				052283B588031FF973022DCE /* Pods_festyTests.framework */,
				0CCC6346DE52D0EBACA94A09 /* Pods_festyUITests.framework */,
			);
			name = Frameworks;
			sourceTree = "<group>";
		};
/* End PBXGroup section */

/* Begin PBXNativeTarget section */
		5253881E21F7BECA009FBEEF /* festy */ = {
			isa = PBXNativeTarget;
			buildConfigurationList = 5253886F21F7BECD009FBEEF /* Build configuration list for PBXNativeTarget "festy" */;
			buildPhases = (
				0537A617E8B4F49482C0D53E /* [CP] Check Pods Manifest.lock */,
				5253881B21F7BECA009FBEEF /* Sources */,
				5253881C21F7BECA009FBEEF /* Frameworks */,
				5253881D21F7BECA009FBEEF /* Resources */,
				5253886E21F7BECD009FBEEF /* Embed Watch Content */,
				E3D0D66F5AB8E398DCCE2026 /* [CP] Embed Pods Frameworks */,
				5253887821F7C16A009FBEEF /* ShellScript */,
			);
			buildRules = (
			);
			dependencies = (
				5253884A21F7BECC009FBEEF /* PBXTargetDependency */,
			);
			name = festy;
			productName = festy;
			productReference = 5253881F21F7BECA009FBEEF /* festy.app */;
			productType = "com.apple.product-type.application";
		};
		5253883221F7BECC009FBEEF /* festyTests */ = {
			isa = PBXNativeTarget;
			buildConfigurationList = 5253887221F7BECD009FBEEF /* Build configuration list for PBXNativeTarget "festyTests" */;
			buildPhases = (
				1B9D92002D58022263A16228 /* [CP] Check Pods Manifest.lock */,
				5253882F21F7BECC009FBEEF /* Sources */,
				5253883021F7BECC009FBEEF /* Frameworks */,
				5253883121F7BECC009FBEEF /* Resources */,
			);
			buildRules = (
			);
			dependencies = (
				5253883521F7BECC009FBEEF /* PBXTargetDependency */,
			);
			name = festyTests;
			productName = festyTests;
			productReference = 5253883321F7BECC009FBEEF /* festyTests.xctest */;
			productType = "com.apple.product-type.bundle.unit-test";
		};
		5253883D21F7BECC009FBEEF /* festyUITests */ = {
			isa = PBXNativeTarget;
			buildConfigurationList = 5253887521F7BECD009FBEEF /* Build configuration list for PBXNativeTarget "festyUITests" */;
			buildPhases = (
				3245664158F0CC2FA1140979 /* [CP] Check Pods Manifest.lock */,
				5253883A21F7BECC009FBEEF /* Sources */,
				5253883B21F7BECC009FBEEF /* Frameworks */,
				5253883C21F7BECC009FBEEF /* Resources */,
			);
			buildRules = (
			);
			dependencies = (
				5253884021F7BECC009FBEEF /* PBXTargetDependency */,
			);
			name = festyUITests;
			productName = festyUITests;
			productReference = 5253883E21F7BECC009FBEEF /* festyUITests.xctest */;
			productType = "com.apple.product-type.bundle.ui-testing";
		};
		5253884621F7BECC009FBEEF /* festy WatchKit App */ = {
			isa = PBXNativeTarget;
			buildConfigurationList = 5253886B21F7BECD009FBEEF /* Build configuration list for PBXNativeTarget "festy WatchKit App" */;
			buildPhases = (
				3FDBDBFEE430CE719E22BA90 /* [CP] Check Pods Manifest.lock */,
				5253884521F7BECC009FBEEF /* Resources */,
				5253886A21F7BECD009FBEEF /* Embed App Extensions */,
				2EF014CC774AB08B6AE9731F /* Frameworks */,
				5253887921F7C173009FBEEF /* ShellScript */,
			);
			buildRules = (
			);
			dependencies = (
				5253885921F7BECD009FBEEF /* PBXTargetDependency */,
			);
			name = "festy WatchKit App";
			productName = "festy WatchKit App";
			productReference = 5253884721F7BECC009FBEEF /* festy WatchKit App.app */;
			productType = "com.apple.product-type.application.watchapp2";
		};
		5253885521F7BECD009FBEEF /* festy WatchKit Extension */ = {
			isa = PBXNativeTarget;
			buildConfigurationList = 5253886721F7BECD009FBEEF /* Build configuration list for PBXNativeTarget "festy WatchKit Extension" */;
			buildPhases = (
				E3989A07102FD387A73CBA23 /* [CP] Check Pods Manifest.lock */,
				5253885221F7BECD009FBEEF /* Sources */,
				5253885321F7BECD009FBEEF /* Frameworks */,
				5253885421F7BECD009FBEEF /* Resources */,
				329D703471A763D6BD082ECE /* [CP] Embed Pods Frameworks */,
			);
			buildRules = (
			);
			dependencies = (
			);
			name = "festy WatchKit Extension";
			productName = "festy WatchKit Extension";
			productReference = 5253885621F7BECD009FBEEF /* festy WatchKit Extension.appex */;
			productType = "com.apple.product-type.watchkit2-extension";
		};
/* End PBXNativeTarget section */

/* Begin PBXProject section */
		5253881721F7BECA009FBEEF /* Project object */ = {
			isa = PBXProject;
			attributes = {
				LastSwiftUpdateCheck = 1010;
				LastUpgradeCheck = 1010;
				ORGANIZATIONNAME = JohnOttenlips;
				TargetAttributes = {
					5253881E21F7BECA009FBEEF = {
						CreatedOnToolsVersion = 10.1;
					};
					5253883221F7BECC009FBEEF = {
						CreatedOnToolsVersion = 10.1;
						TestTargetID = 5253881E21F7BECA009FBEEF;
					};
					5253883D21F7BECC009FBEEF = {
						CreatedOnToolsVersion = 10.1;
						TestTargetID = 5253881E21F7BECA009FBEEF;
					};
					5253884621F7BECC009FBEEF = {
						CreatedOnToolsVersion = 10.1;
					};
					5253885521F7BECD009FBEEF = {
						CreatedOnToolsVersion = 10.1;
					};
				};
			};
			buildConfigurationList = 5253881A21F7BECA009FBEEF /* Build configuration list for PBXProject "festy" */;
			compatibilityVersion = "Xcode 9.3";
			developmentRegion = en;
			hasScannedForEncodings = 0;
			knownRegions = (
				en,
				Base,
			);
			mainGroup = 5253881621F7BECA009FBEEF;
			productRefGroup = 5253882021F7BECA009FBEEF /* Products */;
			projectDirPath = "";
			projectRoot = "";
			targets = (
				5253881E21F7BECA009FBEEF /* festy */,
				5253883221F7BECC009FBEEF /* festyTests */,
				5253883D21F7BECC009FBEEF /* festyUITests */,
				5253884621F7BECC009FBEEF /* festy WatchKit App */,
				5253885521F7BECD009FBEEF /* festy WatchKit Extension */,
			);
		};
/* End PBXProject section */

/* Begin PBXResourcesBuildPhase section */
		5253881D21F7BECA009FBEEF /* Resources */ = {
			isa = PBXResourcesBuildPhase;
			buildActionMask = 2147483647;
			files = (
				52AFD03C221E0E2B0041A623 /* README.md in Resources */,
				52E883D7221DB2C700A559F6 /* queries.graphql in Resources */,
				52E883D2221DADE400A559F6 /* schema.json in Resources */,
				5253882D21F7BECC009FBEEF /* LaunchScreen.storyboard in Resources */,
				5253882A21F7BECC009FBEEF /* Assets.xcassets in Resources */,
				5253882821F7BECA009FBEEF /* Main.storyboard in Resources */,
			);
			runOnlyForDeploymentPostprocessing = 0;
		};
		5253883121F7BECC009FBEEF /* Resources */ = {
			isa = PBXResourcesBuildPhase;
			buildActionMask = 2147483647;
			files = (
			);
			runOnlyForDeploymentPostprocessing = 0;
		};
		5253883C21F7BECC009FBEEF /* Resources */ = {
			isa = PBXResourcesBuildPhase;
			buildActionMask = 2147483647;
			files = (
			);
			runOnlyForDeploymentPostprocessing = 0;
		};
		5253884521F7BECC009FBEEF /* Resources */ = {
			isa = PBXResourcesBuildPhase;
			buildActionMask = 2147483647;
			files = (
				5253885021F7BECD009FBEEF /* Assets.xcassets in Resources */,
				5253884E21F7BECC009FBEEF /* Interface.storyboard in Resources */,
			);
			runOnlyForDeploymentPostprocessing = 0;
		};
		5253885421F7BECD009FBEEF /* Resources */ = {
			isa = PBXResourcesBuildPhase;
			buildActionMask = 2147483647;
			files = (
				5253886221F7BECD009FBEEF /* Assets.xcassets in Resources */,
			);
			runOnlyForDeploymentPostprocessing = 0;
		};
/* End PBXResourcesBuildPhase section */

/* Begin PBXShellScriptBuildPhase section */
		0537A617E8B4F49482C0D53E /* [CP] Check Pods Manifest.lock */ = {
			isa = PBXShellScriptBuildPhase;
			buildActionMask = 2147483647;
			files = (
			);
			inputPaths = (
				"${PODS_PODFILE_DIR_PATH}/Podfile.lock",
				"${PODS_ROOT}/Manifest.lock",
			);
			name = "[CP] Check Pods Manifest.lock";
			outputPaths = (
				"$(DERIVED_FILE_DIR)/Pods-festy-checkManifestLockResult.txt",
			);
			runOnlyForDeploymentPostprocessing = 0;
			shellPath = /bin/sh;
			shellScript = "diff \"${PODS_PODFILE_DIR_PATH}/Podfile.lock\" \"${PODS_ROOT}/Manifest.lock\" > /dev/null\nif [ $? != 0 ] ; then\n    # print error to STDERR\n    echo \"error: The sandbox is not in sync with the Podfile.lock. Run 'pod install' or update your CocoaPods installation.\" >&2\n    exit 1\nfi\n# This output is used by Xcode 'outputs' to avoid re-running this script phase.\necho \"SUCCESS\" > \"${SCRIPT_OUTPUT_FILE_0}\"\n";
			showEnvVarsInLog = 0;
		};
		1B9D92002D58022263A16228 /* [CP] Check Pods Manifest.lock */ = {
			isa = PBXShellScriptBuildPhase;
			buildActionMask = 2147483647;
			files = (
			);
			inputPaths = (
				"${PODS_PODFILE_DIR_PATH}/Podfile.lock",
				"${PODS_ROOT}/Manifest.lock",
			);
			name = "[CP] Check Pods Manifest.lock";
			outputPaths = (
				"$(DERIVED_FILE_DIR)/Pods-festyTests-checkManifestLockResult.txt",
			);
			runOnlyForDeploymentPostprocessing = 0;
			shellPath = /bin/sh;
			shellScript = "diff \"${PODS_PODFILE_DIR_PATH}/Podfile.lock\" \"${PODS_ROOT}/Manifest.lock\" > /dev/null\nif [ $? != 0 ] ; then\n    # print error to STDERR\n    echo \"error: The sandbox is not in sync with the Podfile.lock. Run 'pod install' or update your CocoaPods installation.\" >&2\n    exit 1\nfi\n# This output is used by Xcode 'outputs' to avoid re-running this script phase.\necho \"SUCCESS\" > \"${SCRIPT_OUTPUT_FILE_0}\"\n";
			showEnvVarsInLog = 0;
		};
		3245664158F0CC2FA1140979 /* [CP] Check Pods Manifest.lock */ = {
			isa = PBXShellScriptBuildPhase;
			buildActionMask = 2147483647;
			files = (
			);
			inputPaths = (
				"${PODS_PODFILE_DIR_PATH}/Podfile.lock",
				"${PODS_ROOT}/Manifest.lock",
			);
			name = "[CP] Check Pods Manifest.lock";
			outputPaths = (
				"$(DERIVED_FILE_DIR)/Pods-festyUITests-checkManifestLockResult.txt",
			);
			runOnlyForDeploymentPostprocessing = 0;
			shellPath = /bin/sh;
			shellScript = "diff \"${PODS_PODFILE_DIR_PATH}/Podfile.lock\" \"${PODS_ROOT}/Manifest.lock\" > /dev/null\nif [ $? != 0 ] ; then\n    # print error to STDERR\n    echo \"error: The sandbox is not in sync with the Podfile.lock. Run 'pod install' or update your CocoaPods installation.\" >&2\n    exit 1\nfi\n# This output is used by Xcode 'outputs' to avoid re-running this script phase.\necho \"SUCCESS\" > \"${SCRIPT_OUTPUT_FILE_0}\"\n";
			showEnvVarsInLog = 0;
		};
		329D703471A763D6BD082ECE /* [CP] Embed Pods Frameworks */ = {
			isa = PBXShellScriptBuildPhase;
			buildActionMask = 2147483647;
			files = (
			);
			inputPaths = (
				"${SRCROOT}/Pods/Target Support Files/Pods-festy WatchKit Extension/Pods-festy WatchKit Extension-frameworks.sh",
				"${BUILT_PRODUCTS_DIR}/Apollo-watchOS/Apollo.framework",
			);
			name = "[CP] Embed Pods Frameworks";
			outputPaths = (
				"${TARGET_BUILD_DIR}/${FRAMEWORKS_FOLDER_PATH}/Apollo.framework",
			);
			runOnlyForDeploymentPostprocessing = 0;
			shellPath = /bin/sh;
			shellScript = "\"${SRCROOT}/Pods/Target Support Files/Pods-festy WatchKit Extension/Pods-festy WatchKit Extension-frameworks.sh\"\n";
			showEnvVarsInLog = 0;
		};
		3FDBDBFEE430CE719E22BA90 /* [CP] Check Pods Manifest.lock */ = {
			isa = PBXShellScriptBuildPhase;
			buildActionMask = 2147483647;
			files = (
			);
			inputPaths = (
				"${PODS_PODFILE_DIR_PATH}/Podfile.lock",
				"${PODS_ROOT}/Manifest.lock",
			);
			name = "[CP] Check Pods Manifest.lock";
			outputPaths = (
				"$(DERIVED_FILE_DIR)/Pods-festy WatchKit App-checkManifestLockResult.txt",
			);
			runOnlyForDeploymentPostprocessing = 0;
			shellPath = /bin/sh;
			shellScript = "diff \"${PODS_PODFILE_DIR_PATH}/Podfile.lock\" \"${PODS_ROOT}/Manifest.lock\" > /dev/null\nif [ $? != 0 ] ; then\n    # print error to STDERR\n    echo \"error: The sandbox is not in sync with the Podfile.lock. Run 'pod install' or update your CocoaPods installation.\" >&2\n    exit 1\nfi\n# This output is used by Xcode 'outputs' to avoid re-running this script phase.\necho \"SUCCESS\" > \"${SCRIPT_OUTPUT_FILE_0}\"\n";
			showEnvVarsInLog = 0;
		};
		5253887821F7C16A009FBEEF /* ShellScript */ = {
			isa = PBXShellScriptBuildPhase;
			buildActionMask = 2147483647;
			files = (
			);
			inputPaths = (
			);
			outputPaths = (
			);
			runOnlyForDeploymentPostprocessing = 0;
			shellPath = /bin/sh;
			shellScript = "# Type a script or drag a script file from your workspace to insert its path.\nAPOLLO_FRAMEWORK_PATH=\"$(eval find $FRAMEWORK_SEARCH_PATHS -name \"Apollo.framework\" -maxdepth 1)\"\n\nif [ -z \"$APOLLO_FRAMEWORK_PATH\" ]; then\necho \"error: Couldn't find Apollo.framework in FRAMEWORK_SEARCH_PATHS; make sure to add the framework to your project.\"\nexit 1\nfi\n\ncd \"${SRCROOT}/${TARGET_NAME}\"\n$APOLLO_FRAMEWORK_PATH/check-and-run-apollo-cli.sh codegen:generate --queries=\"$(find . -name '*.graphql')\" --schema=schema.json API.swift\n";
		};
		5253887921F7C173009FBEEF /* ShellScript */ = {
			isa = PBXShellScriptBuildPhase;
			buildActionMask = 2147483647;
			files = (
			);
			inputPaths = (
			);
			outputPaths = (
			);
			runOnlyForDeploymentPostprocessing = 0;
			shellPath = /bin/sh;
			shellScript = "# Type a script or drag a script file from your workspace to insert its path.\nAPOLLO_FRAMEWORK_PATH=\"$(eval find $FRAMEWORK_SEARCH_PATHS -name \"Apollo.framework\" -maxdepth 1)\"\n\nif [ -z \"$APOLLO_FRAMEWORK_PATH\" ]; then\necho \"error: Couldn't find Apollo.framework in FRAMEWORK_SEARCH_PATHS; make sure to add the framework to your project.\"\nexit 1\nfi\n\ncd \"${SRCROOT}/${TARGET_NAME}\"\n$APOLLO_FRAMEWORK_PATH/check-and-run-apollo-cli.sh codegen:generate --queries=\"$(find . -name '*.graphql')\" --schema=schema.json API.swift\n";
		};
		E3989A07102FD387A73CBA23 /* [CP] Check Pods Manifest.lock */ = {
			isa = PBXShellScriptBuildPhase;
			buildActionMask = 2147483647;
			files = (
			);
			inputPaths = (
				"${PODS_PODFILE_DIR_PATH}/Podfile.lock",
				"${PODS_ROOT}/Manifest.lock",
			);
			name = "[CP] Check Pods Manifest.lock";
			outputPaths = (
				"$(DERIVED_FILE_DIR)/Pods-festy WatchKit Extension-checkManifestLockResult.txt",
			);
			runOnlyForDeploymentPostprocessing = 0;
			shellPath = /bin/sh;
			shellScript = "diff \"${PODS_PODFILE_DIR_PATH}/Podfile.lock\" \"${PODS_ROOT}/Manifest.lock\" > /dev/null\nif [ $? != 0 ] ; then\n    # print error to STDERR\n    echo \"error: The sandbox is not in sync with the Podfile.lock. Run 'pod install' or update your CocoaPods installation.\" >&2\n    exit 1\nfi\n# This output is used by Xcode 'outputs' to avoid re-running this script phase.\necho \"SUCCESS\" > \"${SCRIPT_OUTPUT_FILE_0}\"\n";
			showEnvVarsInLog = 0;
		};
		E3D0D66F5AB8E398DCCE2026 /* [CP] Embed Pods Frameworks */ = {
			isa = PBXShellScriptBuildPhase;
			buildActionMask = 2147483647;
			files = (
			);
			inputPaths = (
				"${SRCROOT}/Pods/Target Support Files/Pods-festy/Pods-festy-frameworks.sh",
				"${BUILT_PRODUCTS_DIR}/Apollo-iOS/Apollo.framework",
				"${BUILT_PRODUCTS_DIR}/PromiseKit/PromiseKit.framework",
			);
			name = "[CP] Embed Pods Frameworks";
			outputPaths = (
				"${TARGET_BUILD_DIR}/${FRAMEWORKS_FOLDER_PATH}/Apollo.framework",
				"${TARGET_BUILD_DIR}/${FRAMEWORKS_FOLDER_PATH}/PromiseKit.framework",
			);
			runOnlyForDeploymentPostprocessing = 0;
			shellPath = /bin/sh;
			shellScript = "\"${SRCROOT}/Pods/Target Support Files/Pods-festy/Pods-festy-frameworks.sh\"\n";
			showEnvVarsInLog = 0;
		};
/* End PBXShellScriptBuildPhase section */

/* Begin PBXSourcesBuildPhase section */
		5253881B21F7BECA009FBEEF /* Sources */ = {
			isa = PBXSourcesBuildPhase;
			buildActionMask = 2147483647;
			files = (
				5253882521F7BECA009FBEEF /* ViewController.swift in Sources */,
				52AFD03E221E0F300041A623 /* config.swift in Sources */,
				52E883D5221DAE5200A559F6 /* API.swift in Sources */,
				5253882321F7BECA009FBEEF /* AppDelegate.swift in Sources */,
			);
			runOnlyForDeploymentPostprocessing = 0;
		};
		5253882F21F7BECC009FBEEF /* Sources */ = {
			isa = PBXSourcesBuildPhase;
			buildActionMask = 2147483647;
			files = (
				5253883821F7BECC009FBEEF /* festyTests.swift in Sources */,
			);
			runOnlyForDeploymentPostprocessing = 0;
		};
		5253883A21F7BECC009FBEEF /* Sources */ = {
			isa = PBXSourcesBuildPhase;
			buildActionMask = 2147483647;
			files = (
				5253884321F7BECC009FBEEF /* festyUITests.swift in Sources */,
			);
			runOnlyForDeploymentPostprocessing = 0;
		};
		5253885221F7BECD009FBEEF /* Sources */ = {
			isa = PBXSourcesBuildPhase;
			buildActionMask = 2147483647;
			files = (
				5253886021F7BECD009FBEEF /* NotificationController.swift in Sources */,
				5253885E21F7BECD009FBEEF /* ExtensionDelegate.swift in Sources */,
				5253885C21F7BECD009FBEEF /* InterfaceController.swift in Sources */,
			);
			runOnlyForDeploymentPostprocessing = 0;
		};
/* End PBXSourcesBuildPhase section */

/* Begin PBXTargetDependency section */
		5253883521F7BECC009FBEEF /* PBXTargetDependency */ = {
			isa = PBXTargetDependency;
			target = 5253881E21F7BECA009FBEEF /* festy */;
			targetProxy = 5253883421F7BECC009FBEEF /* PBXContainerItemProxy */;
		};
		5253884021F7BECC009FBEEF /* PBXTargetDependency */ = {
			isa = PBXTargetDependency;
			target = 5253881E21F7BECA009FBEEF /* festy */;
			targetProxy = 5253883F21F7BECC009FBEEF /* PBXContainerItemProxy */;
		};
		5253884A21F7BECC009FBEEF /* PBXTargetDependency */ = {
			isa = PBXTargetDependency;
			target = 5253884621F7BECC009FBEEF /* festy WatchKit App */;
			targetProxy = 5253884921F7BECC009FBEEF /* PBXContainerItemProxy */;
		};
		5253885921F7BECD009FBEEF /* PBXTargetDependency */ = {
			isa = PBXTargetDependency;
			target = 5253885521F7BECD009FBEEF /* festy WatchKit Extension */;
			targetProxy = 5253885821F7BECD009FBEEF /* PBXContainerItemProxy */;
		};
/* End PBXTargetDependency section */

/* Begin PBXVariantGroup section */
		5253882621F7BECA009FBEEF /* Main.storyboard */ = {
			isa = PBXVariantGroup;
			children = (
				5253882721F7BECA009FBEEF /* Base */,
			);
			name = Main.storyboard;
			sourceTree = "<group>";
		};
		5253882B21F7BECC009FBEEF /* LaunchScreen.storyboard */ = {
			isa = PBXVariantGroup;
			children = (
				5253882C21F7BECC009FBEEF /* Base */,
			);
			name = LaunchScreen.storyboard;
			sourceTree = "<group>";
		};
		5253884C21F7BECC009FBEEF /* Interface.storyboard */ = {
			isa = PBXVariantGroup;
			children = (
				5253884D21F7BECC009FBEEF /* Base */,
			);
			name = Interface.storyboard;
			sourceTree = "<group>";
		};
/* End PBXVariantGroup section */

/* Begin XCBuildConfiguration section */
		5253886521F7BECD009FBEEF /* Debug */ = {
			isa = XCBuildConfiguration;
			buildSettings = {
				ALWAYS_SEARCH_USER_PATHS = NO;
				CLANG_ANALYZER_NONNULL = YES;
				CLANG_ANALYZER_NUMBER_OBJECT_CONVERSION = YES_AGGRESSIVE;
				CLANG_CXX_LANGUAGE_STANDARD = "gnu++14";
				CLANG_CXX_LIBRARY = "libc++";
				CLANG_ENABLE_MODULES = YES;
				CLANG_ENABLE_OBJC_ARC = YES;
				CLANG_ENABLE_OBJC_WEAK = YES;
				CLANG_WARN_BLOCK_CAPTURE_AUTORELEASING = YES;
				CLANG_WARN_BOOL_CONVERSION = YES;
				CLANG_WARN_COMMA = YES;
				CLANG_WARN_CONSTANT_CONVERSION = YES;
				CLANG_WARN_DEPRECATED_OBJC_IMPLEMENTATIONS = YES;
				CLANG_WARN_DIRECT_OBJC_ISA_USAGE = YES_ERROR;
				CLANG_WARN_DOCUMENTATION_COMMENTS = YES;
				CLANG_WARN_EMPTY_BODY = YES;
				CLANG_WARN_ENUM_CONVERSION = YES;
				CLANG_WARN_INFINITE_RECURSION = YES;
				CLANG_WARN_INT_CONVERSION = YES;
				CLANG_WARN_NON_LITERAL_NULL_CONVERSION = YES;
				CLANG_WARN_OBJC_IMPLICIT_RETAIN_SELF = YES;
				CLANG_WARN_OBJC_LITERAL_CONVERSION = YES;
				CLANG_WARN_OBJC_ROOT_CLASS = YES_ERROR;
				CLANG_WARN_RANGE_LOOP_ANALYSIS = YES;
				CLANG_WARN_STRICT_PROTOTYPES = YES;
				CLANG_WARN_SUSPICIOUS_MOVE = YES;
				CLANG_WARN_UNGUARDED_AVAILABILITY = YES_AGGRESSIVE;
				CLANG_WARN_UNREACHABLE_CODE = YES;
				CLANG_WARN__DUPLICATE_METHOD_MATCH = YES;
				CODE_SIGN_IDENTITY = "iPhone Developer";
				COPY_PHASE_STRIP = NO;
				DEBUG_INFORMATION_FORMAT = dwarf;
				ENABLE_STRICT_OBJC_MSGSEND = YES;
				ENABLE_TESTABILITY = YES;
				GCC_C_LANGUAGE_STANDARD = gnu11;
				GCC_DYNAMIC_NO_PIC = NO;
				GCC_NO_COMMON_BLOCKS = YES;
				GCC_OPTIMIZATION_LEVEL = 0;
				GCC_PREPROCESSOR_DEFINITIONS = (
					"DEBUG=1",
					"$(inherited)",
				);
				GCC_WARN_64_TO_32_BIT_CONVERSION = YES;
				GCC_WARN_ABOUT_RETURN_TYPE = YES_ERROR;
				GCC_WARN_UNDECLARED_SELECTOR = YES;
				GCC_WARN_UNINITIALIZED_AUTOS = YES_AGGRESSIVE;
				GCC_WARN_UNUSED_FUNCTION = YES;
				GCC_WARN_UNUSED_VARIABLE = YES;
				IPHONEOS_DEPLOYMENT_TARGET = 12.1;
				MTL_ENABLE_DEBUG_INFO = INCLUDE_SOURCE;
				MTL_FAST_MATH = YES;
				ONLY_ACTIVE_ARCH = YES;
				SDKROOT = iphoneos;
				SWIFT_ACTIVE_COMPILATION_CONDITIONS = DEBUG;
				SWIFT_OPTIMIZATION_LEVEL = "-Onone";
			};
			name = Debug;
		};
		5253886621F7BECD009FBEEF /* Release */ = {
			isa = XCBuildConfiguration;
			buildSettings = {
				ALWAYS_SEARCH_USER_PATHS = NO;
				CLANG_ANALYZER_NONNULL = YES;
				CLANG_ANALYZER_NUMBER_OBJECT_CONVERSION = YES_AGGRESSIVE;
				CLANG_CXX_LANGUAGE_STANDARD = "gnu++14";
				CLANG_CXX_LIBRARY = "libc++";
				CLANG_ENABLE_MODULES = YES;
				CLANG_ENABLE_OBJC_ARC = YES;
				CLANG_ENABLE_OBJC_WEAK = YES;
				CLANG_WARN_BLOCK_CAPTURE_AUTORELEASING = YES;
				CLANG_WARN_BOOL_CONVERSION = YES;
				CLANG_WARN_COMMA = YES;
				CLANG_WARN_CONSTANT_CONVERSION = YES;
				CLANG_WARN_DEPRECATED_OBJC_IMPLEMENTATIONS = YES;
				CLANG_WARN_DIRECT_OBJC_ISA_USAGE = YES_ERROR;
				CLANG_WARN_DOCUMENTATION_COMMENTS = YES;
				CLANG_WARN_EMPTY_BODY = YES;
				CLANG_WARN_ENUM_CONVERSION = YES;
				CLANG_WARN_INFINITE_RECURSION = YES;
				CLANG_WARN_INT_CONVERSION = YES;
				CLANG_WARN_NON_LITERAL_NULL_CONVERSION = YES;
				CLANG_WARN_OBJC_IMPLICIT_RETAIN_SELF = YES;
				CLANG_WARN_OBJC_LITERAL_CONVERSION = YES;
				CLANG_WARN_OBJC_ROOT_CLASS = YES_ERROR;
				CLANG_WARN_RANGE_LOOP_ANALYSIS = YES;
				CLANG_WARN_STRICT_PROTOTYPES = YES;
				CLANG_WARN_SUSPICIOUS_MOVE = YES;
				CLANG_WARN_UNGUARDED_AVAILABILITY = YES_AGGRESSIVE;
				CLANG_WARN_UNREACHABLE_CODE = YES;
				CLANG_WARN__DUPLICATE_METHOD_MATCH = YES;
				CODE_SIGN_IDENTITY = "iPhone Developer";
				COPY_PHASE_STRIP = NO;
				DEBUG_INFORMATION_FORMAT = "dwarf-with-dsym";
				ENABLE_NS_ASSERTIONS = NO;
				ENABLE_STRICT_OBJC_MSGSEND = YES;
				GCC_C_LANGUAGE_STANDARD = gnu11;
				GCC_NO_COMMON_BLOCKS = YES;
				GCC_WARN_64_TO_32_BIT_CONVERSION = YES;
				GCC_WARN_ABOUT_RETURN_TYPE = YES_ERROR;
				GCC_WARN_UNDECLARED_SELECTOR = YES;
				GCC_WARN_UNINITIALIZED_AUTOS = YES_AGGRESSIVE;
				GCC_WARN_UNUSED_FUNCTION = YES;
				GCC_WARN_UNUSED_VARIABLE = YES;
				IPHONEOS_DEPLOYMENT_TARGET = 12.1;
				MTL_ENABLE_DEBUG_INFO = NO;
				MTL_FAST_MATH = YES;
				SDKROOT = iphoneos;
				SWIFT_COMPILATION_MODE = wholemodule;
				SWIFT_OPTIMIZATION_LEVEL = "-O";
				VALIDATE_PRODUCT = YES;
			};
			name = Release;
		};
		5253886821F7BECD009FBEEF /* Debug */ = {
			isa = XCBuildConfiguration;
			baseConfigurationReference = 73971D5EB635FFBC5429BD8E /* Pods-festy WatchKit Extension.debug.xcconfig */;
			buildSettings = {
				ASSETCATALOG_COMPILER_COMPLICATION_NAME = Complication;
				CODE_SIGN_STYLE = Automatic;
				DEVELOPMENT_TEAM = "";
				INFOPLIST_FILE = "festy WatchKit Extension/Info.plist";
				LD_RUNPATH_SEARCH_PATHS = (
					"$(inherited)",
					"@executable_path/Frameworks",
					"@executable_path/../../Frameworks",
				);
				PRODUCT_BUNDLE_IDENTIFIER = test.festy.watchkitapp.watchkitextension;
				PRODUCT_NAME = "${TARGET_NAME}";
				SDKROOT = watchos;
				SKIP_INSTALL = YES;
				SWIFT_VERSION = 4.2;
				TARGETED_DEVICE_FAMILY = 4;
				WATCHOS_DEPLOYMENT_TARGET = 5.1;
			};
			name = Debug;
		};
		5253886921F7BECD009FBEEF /* Release */ = {
			isa = XCBuildConfiguration;
			baseConfigurationReference = AA69DFC39940829C8D9A2140 /* Pods-festy WatchKit Extension.release.xcconfig */;
			buildSettings = {
				ASSETCATALOG_COMPILER_COMPLICATION_NAME = Complication;
				CODE_SIGN_STYLE = Automatic;
				DEVELOPMENT_TEAM = "";
				INFOPLIST_FILE = "festy WatchKit Extension/Info.plist";
				LD_RUNPATH_SEARCH_PATHS = (
					"$(inherited)",
					"@executable_path/Frameworks",
					"@executable_path/../../Frameworks",
				);
				PRODUCT_BUNDLE_IDENTIFIER = test.festy.watchkitapp.watchkitextension;
				PRODUCT_NAME = "${TARGET_NAME}";
				SDKROOT = watchos;
				SKIP_INSTALL = YES;
				SWIFT_VERSION = 4.2;
				TARGETED_DEVICE_FAMILY = 4;
				WATCHOS_DEPLOYMENT_TARGET = 5.1;
			};
			name = Release;
		};
		5253886C21F7BECD009FBEEF /* Debug */ = {
			isa = XCBuildConfiguration;
			baseConfigurationReference = 52CDF4CB01169D0E227B3E37 /* Pods-festy WatchKit App.debug.xcconfig */;
			buildSettings = {
				ALWAYS_EMBED_SWIFT_STANDARD_LIBRARIES = YES;
				ASSETCATALOG_COMPILER_APPICON_NAME = AppIcon;
				CODE_SIGN_STYLE = Automatic;
				IBSC_MODULE = festy_WatchKit_Extension;
				INFOPLIST_FILE = "festy WatchKit App/Info.plist";
				PRODUCT_BUNDLE_IDENTIFIER = test.festy.watchkitapp;
				PRODUCT_NAME = "$(TARGET_NAME)";
				SDKROOT = watchos;
				SKIP_INSTALL = YES;
				SWIFT_VERSION = 4.2;
				TARGETED_DEVICE_FAMILY = 4;
				WATCHOS_DEPLOYMENT_TARGET = 5.1;
			};
			name = Debug;
		};
		5253886D21F7BECD009FBEEF /* Release */ = {
			isa = XCBuildConfiguration;
			baseConfigurationReference = 57D667AD2A63152B124CAEE6 /* Pods-festy WatchKit App.release.xcconfig */;
			buildSettings = {
				ALWAYS_EMBED_SWIFT_STANDARD_LIBRARIES = YES;
				ASSETCATALOG_COMPILER_APPICON_NAME = AppIcon;
				CODE_SIGN_STYLE = Automatic;
				IBSC_MODULE = festy_WatchKit_Extension;
				INFOPLIST_FILE = "festy WatchKit App/Info.plist";
				PRODUCT_BUNDLE_IDENTIFIER = test.festy.watchkitapp;
				PRODUCT_NAME = "$(TARGET_NAME)";
				SDKROOT = watchos;
				SKIP_INSTALL = YES;
				SWIFT_VERSION = 4.2;
				TARGETED_DEVICE_FAMILY = 4;
				WATCHOS_DEPLOYMENT_TARGET = 5.1;
			};
			name = Release;
		};
		5253887021F7BECD009FBEEF /* Debug */ = {
			isa = XCBuildConfiguration;
			baseConfigurationReference = E26799085F413B3E4A487871 /* Pods-festy.debug.xcconfig */;
			buildSettings = {
				ASSETCATALOG_COMPILER_APPICON_NAME = AppIcon;
				CODE_SIGN_STYLE = Automatic;
				INFOPLIST_FILE = festy/Info.plist;
				LD_RUNPATH_SEARCH_PATHS = (
					"$(inherited)",
					"@executable_path/Frameworks",
				);
				PRODUCT_BUNDLE_IDENTIFIER = test.festy;
				PRODUCT_NAME = "$(TARGET_NAME)";
				SWIFT_VERSION = 4.2;
				TARGETED_DEVICE_FAMILY = "1,2";
			};
			name = Debug;
		};
		5253887121F7BECD009FBEEF /* Release */ = {
			isa = XCBuildConfiguration;
			baseConfigurationReference = 7D0ADD5F72E150896D0C7140 /* Pods-festy.release.xcconfig */;
			buildSettings = {
				ASSETCATALOG_COMPILER_APPICON_NAME = AppIcon;
				CODE_SIGN_STYLE = Automatic;
				INFOPLIST_FILE = festy/Info.plist;
				LD_RUNPATH_SEARCH_PATHS = (
					"$(inherited)",
					"@executable_path/Frameworks",
				);
				PRODUCT_BUNDLE_IDENTIFIER = test.festy;
				PRODUCT_NAME = "$(TARGET_NAME)";
				SWIFT_VERSION = 4.2;
				TARGETED_DEVICE_FAMILY = "1,2";
			};
			name = Release;
		};
		5253887321F7BECD009FBEEF /* Debug */ = {
			isa = XCBuildConfiguration;
			baseConfigurationReference = 6788AD337833A5198E84A537 /* Pods-festyTests.debug.xcconfig */;
			buildSettings = {
				ALWAYS_EMBED_SWIFT_STANDARD_LIBRARIES = YES;
				BUNDLE_LOADER = "$(TEST_HOST)";
				CODE_SIGN_STYLE = Automatic;
				INFOPLIST_FILE = festyTests/Info.plist;
				LD_RUNPATH_SEARCH_PATHS = (
					"$(inherited)",
					"@executable_path/Frameworks",
					"@loader_path/Frameworks",
				);
				PRODUCT_BUNDLE_IDENTIFIER = test.festyTests;
				PRODUCT_NAME = "$(TARGET_NAME)";
				SWIFT_VERSION = 4.2;
				TARGETED_DEVICE_FAMILY = "1,2";
				TEST_HOST = "$(BUILT_PRODUCTS_DIR)/festy.app/festy";
			};
			name = Debug;
		};
		5253887421F7BECD009FBEEF /* Release */ = {
			isa = XCBuildConfiguration;
			baseConfigurationReference = 3846437922F7FF9FB7D0F3AF /* Pods-festyTests.release.xcconfig */;
			buildSettings = {
				ALWAYS_EMBED_SWIFT_STANDARD_LIBRARIES = YES;
				BUNDLE_LOADER = "$(TEST_HOST)";
				CODE_SIGN_STYLE = Automatic;
				INFOPLIST_FILE = festyTests/Info.plist;
				LD_RUNPATH_SEARCH_PATHS = (
					"$(inherited)",
					"@executable_path/Frameworks",
					"@loader_path/Frameworks",
				);
				PRODUCT_BUNDLE_IDENTIFIER = test.festyTests;
				PRODUCT_NAME = "$(TARGET_NAME)";
				SWIFT_VERSION = 4.2;
				TARGETED_DEVICE_FAMILY = "1,2";
				TEST_HOST = "$(BUILT_PRODUCTS_DIR)/festy.app/festy";
			};
			name = Release;
		};
		5253887621F7BECD009FBEEF /* Debug */ = {
			isa = XCBuildConfiguration;
			baseConfigurationReference = 53FAFDBCFCA7615934D7B67B /* Pods-festyUITests.debug.xcconfig */;
			buildSettings = {
				ALWAYS_EMBED_SWIFT_STANDARD_LIBRARIES = YES;
				CODE_SIGN_STYLE = Automatic;
				INFOPLIST_FILE = festyUITests/Info.plist;
				LD_RUNPATH_SEARCH_PATHS = (
					"$(inherited)",
					"@executable_path/Frameworks",
					"@loader_path/Frameworks",
				);
				PRODUCT_BUNDLE_IDENTIFIER = test.festyUITests;
				PRODUCT_NAME = "$(TARGET_NAME)";
				SWIFT_VERSION = 4.2;
				TARGETED_DEVICE_FAMILY = "1,2";
				TEST_TARGET_NAME = festy;
			};
			name = Debug;
		};
		5253887721F7BECD009FBEEF /* Release */ = {
			isa = XCBuildConfiguration;
			baseConfigurationReference = E4EDA5AD75633107C35DD908 /* Pods-festyUITests.release.xcconfig */;
			buildSettings = {
				ALWAYS_EMBED_SWIFT_STANDARD_LIBRARIES = YES;
				CODE_SIGN_STYLE = Automatic;
				INFOPLIST_FILE = festyUITests/Info.plist;
				LD_RUNPATH_SEARCH_PATHS = (
					"$(inherited)",
					"@executable_path/Frameworks",
					"@loader_path/Frameworks",
				);
				PRODUCT_BUNDLE_IDENTIFIER = test.festyUITests;
				PRODUCT_NAME = "$(TARGET_NAME)";
				SWIFT_VERSION = 4.2;
				TARGETED_DEVICE_FAMILY = "1,2";
				TEST_TARGET_NAME = festy;
			};
			name = Release;
		};
/* End XCBuildConfiguration section */

/* Begin XCConfigurationList section */
		5253881A21F7BECA009FBEEF /* Build configuration list for PBXProject "festy" */ = {
			isa = XCConfigurationList;
			buildConfigurations = (
				5253886521F7BECD009FBEEF /* Debug */,
				5253886621F7BECD009FBEEF /* Release */,
			);
			defaultConfigurationIsVisible = 0;
			defaultConfigurationName = Release;
		};
		5253886721F7BECD009FBEEF /* Build configuration list for PBXNativeTarget "festy WatchKit Extension" */ = {
			isa = XCConfigurationList;
			buildConfigurations = (
				5253886821F7BECD009FBEEF /* Debug */,
				5253886921F7BECD009FBEEF /* Release */,
			);
			defaultConfigurationIsVisible = 0;
			defaultConfigurationName = Release;
		};
		5253886B21F7BECD009FBEEF /* Build configuration list for PBXNativeTarget "festy WatchKit App" */ = {
			isa = XCConfigurationList;
			buildConfigurations = (
				5253886C21F7BECD009FBEEF /* Debug */,
				5253886D21F7BECD009FBEEF /* Release */,
			);
			defaultConfigurationIsVisible = 0;
			defaultConfigurationName = Release;
		};
		5253886F21F7BECD009FBEEF /* Build configuration list for PBXNativeTarget "festy" */ = {
			isa = XCConfigurationList;
			buildConfigurations = (
				5253887021F7BECD009FBEEF /* Debug */,
				5253887121F7BECD009FBEEF /* Release */,
			);
			defaultConfigurationIsVisible = 0;
			defaultConfigurationName = Release;
		};
		5253887221F7BECD009FBEEF /* Build configuration list for PBXNativeTarget "festyTests" */ = {
			isa = XCConfigurationList;
			buildConfigurations = (
				5253887321F7BECD009FBEEF /* Debug */,
				5253887421F7BECD009FBEEF /* Release */,
			);
			defaultConfigurationIsVisible = 0;
			defaultConfigurationName = Release;
		};
		5253887521F7BECD009FBEEF /* Build configuration list for PBXNativeTarget "festyUITests" */ = {
			isa = XCConfigurationList;
			buildConfigurations = (
				5253887621F7BECD009FBEEF /* Debug */,
				5253887721F7BECD009FBEEF /* Release */,
			);
			defaultConfigurationIsVisible = 0;
			defaultConfigurationName = Release;
		};
/* End XCConfigurationList section */
	};
	rootObject = 5253881721F7BECA009FBEEF /* Project object */;
}
